// !$*UTF8*$!
{
	archiveVersion = 1;
	classes = {
	};
	objectVersion = 46;
	objects = {

/* Begin PBXBuildFile section */
		780664051B0D021300E13B33 /* AdmobViewController.m in Sources */ = {isa = PBXBuildFile; fileRef = 780664041B0D021300E13B33 /* AdmobViewController.m */; };
		780664281B0D021D00E13B33 /* libGoogleAdMobAds.a in Frameworks */ = {isa = PBXBuildFile; fileRef = 780664261B0D021D00E13B33 /* libGoogleAdMobAds.a */; };
		780664291B0D021D00E13B33 /* README.txt in Resources */ = {isa = PBXBuildFile; fileRef = 780664271B0D021D00E13B33 /* README.txt */; };
		78AAB9CB1B0EC8F40038287A /* CircleMatchBG.png in Resources */ = {isa = PBXBuildFile; fileRef = 78AAB9C91B0EC8F40038287A /* CircleMatchBG.png */; };
		78AAB9CC1B0EC8F40038287A /* CircleMatchBG@2x.png in Resources */ = {isa = PBXBuildFile; fileRef = 78AAB9CA1B0EC8F40038287A /* CircleMatchBG@2x.png */; };
		78EB25FB1B0ECA9D00CEFFB4 /* CreditScene.sks in Resources */ = {isa = PBXBuildFile; fileRef = 78EB25F81B0ECA9D00CEFFB4 /* CreditScene.sks */; };
		78EB25FC1B0ECA9D00CEFFB4 /* CreditsScene.m in Sources */ = {isa = PBXBuildFile; fileRef = 78EB25FA1B0ECA9D00CEFFB4 /* CreditsScene.m */; };
		78EB25FE1B0ECBB400CEFFB4 /* CircleMatch_emptyBG.png in Resources */ = {isa = PBXBuildFile; fileRef = 78EB25FD1B0ECBB400CEFFB4 /* CircleMatch_emptyBG.png */; };
		78EB26001B0ECDE500CEFFB4 /* HelpScene.sks in Resources */ = {isa = PBXBuildFile; fileRef = 78EB25FF1B0ECDE500CEFFB4 /* HelpScene.sks */; };
		78EB26031B0ECE5600CEFFB4 /* HelpScene.m in Sources */ = {isa = PBXBuildFile; fileRef = 78EB26021B0ECE5600CEFFB4 /* HelpScene.m */; };
		DD92C6041B0379550022F40A /* MenuScene.sks in Resources */ = {isa = PBXBuildFile; fileRef = DD92C6031B0379550022F40A /* MenuScene.sks */; };
		DD92C6071B0379710022F40A /* MenuScene.m in Sources */ = {isa = PBXBuildFile; fileRef = DD92C6061B0379710022F40A /* MenuScene.m */; };
		DDA8B3241AEF5D8900466E05 /* FileHandler.m in Sources */ = {isa = PBXBuildFile; fileRef = DDA8B3231AEF5D8900466E05 /* FileHandler.m */; };
		DDA8B3271AEF814500466E05 /* utiliz.m in Sources */ = {isa = PBXBuildFile; fileRef = DDA8B3261AEF814500466E05 /* utiliz.m */; };
		F50105611AE65E6900F73093 /* main.m in Sources */ = {isa = PBXBuildFile; fileRef = F50105601AE65E6900F73093 /* main.m */; };
		F50105641AE65E6900F73093 /* AppDelegate.m in Sources */ = {isa = PBXBuildFile; fileRef = F50105631AE65E6900F73093 /* AppDelegate.m */; };
		F50105671AE65E6900F73093 /* GameScene.m in Sources */ = {isa = PBXBuildFile; fileRef = F50105661AE65E6900F73093 /* GameScene.m */; };
		F50105691AE65E6900F73093 /* GameScene.sks in Resources */ = {isa = PBXBuildFile; fileRef = F50105681AE65E6900F73093 /* GameScene.sks */; };
		F501056C1AE65E6900F73093 /* GameViewController.m in Sources */ = {isa = PBXBuildFile; fileRef = F501056B1AE65E6900F73093 /* GameViewController.m */; };
		F501056F1AE65E6900F73093 /* Main.storyboard in Resources */ = {isa = PBXBuildFile; fileRef = F501056D1AE65E6900F73093 /* Main.storyboard */; };
		F50105711AE65E6900F73093 /* Images.xcassets in Resources */ = {isa = PBXBuildFile; fileRef = F50105701AE65E6900F73093 /* Images.xcassets */; };
		F50105741AE65E6900F73093 /* LaunchScreen.xib in Resources */ = {isa = PBXBuildFile; fileRef = F50105721AE65E6900F73093 /* LaunchScreen.xib */; };
		F50105801AE65E6900F73093 /* FirstGameTests.m in Sources */ = {isa = PBXBuildFile; fileRef = F501057F1AE65E6900F73093 /* FirstGameTests.m */; };
		F501058D1AE6685200F73093 /* CircleDetail.m in Sources */ = {isa = PBXBuildFile; fileRef = F501058C1AE6685200F73093 /* CircleDetail.m */; };
/* End PBXBuildFile section */

/* Begin PBXContainerItemProxy section */
		F501057A1AE65E6900F73093 /* PBXContainerItemProxy */ = {
			isa = PBXContainerItemProxy;
			containerPortal = F50105531AE65E6900F73093 /* Project object */;
			proxyType = 1;
			remoteGlobalIDString = F501055A1AE65E6900F73093;
			remoteInfo = FirstGame;
		};
/* End PBXContainerItemProxy section */

/* Begin PBXFileReference section */
		780664031B0D021300E13B33 /* AdmobViewController.h */ = {isa = PBXFileReference; fileEncoding = 4; lastKnownFileType = sourcecode.c.h; path = AdmobViewController.h; sourceTree = "<group>"; };
		780664041B0D021300E13B33 /* AdmobViewController.m */ = {isa = PBXFileReference; fileEncoding = 4; lastKnownFileType = sourcecode.c.objc; path = AdmobViewController.m; sourceTree = "<group>"; };
		780664091B0D021D00E13B33 /* DFPBannerView.h */ = {isa = PBXFileReference; fileEncoding = 4; lastKnownFileType = sourcecode.c.h; path = DFPBannerView.h; sourceTree = "<group>"; };
		7806640A1B0D021D00E13B33 /* DFPExtras.h */ = {isa = PBXFileReference; fileEncoding = 4; lastKnownFileType = sourcecode.c.h; path = DFPExtras.h; sourceTree = "<group>"; };
		7806640B1B0D021D00E13B33 /* DFPInterstitial.h */ = {isa = PBXFileReference; fileEncoding = 4; lastKnownFileType = sourcecode.c.h; path = DFPInterstitial.h; sourceTree = "<group>"; };
		7806640C1B0D021D00E13B33 /* DFPSwipeableBannerView.h */ = {isa = PBXFileReference; fileEncoding = 4; lastKnownFileType = sourcecode.c.h; path = DFPSwipeableBannerView.h; sourceTree = "<group>"; };
		7806640D1B0D021D00E13B33 /* GADAdSizeDelegate.h */ = {isa = PBXFileReference; fileEncoding = 4; lastKnownFileType = sourcecode.c.h; path = GADAdSizeDelegate.h; sourceTree = "<group>"; };
		7806640E1B0D021D00E13B33 /* GADAppEventDelegate.h */ = {isa = PBXFileReference; fileEncoding = 4; lastKnownFileType = sourcecode.c.h; path = GADAppEventDelegate.h; sourceTree = "<group>"; };
		7806640F1B0D021D00E13B33 /* GADSwipeableBannerViewDelegate.h */ = {isa = PBXFileReference; fileEncoding = 4; lastKnownFileType = sourcecode.c.h; path = GADSwipeableBannerViewDelegate.h; sourceTree = "<group>"; };
		780664111B0D021D00E13B33 /* GADCustomEventBanner.h */ = {isa = PBXFileReference; fileEncoding = 4; lastKnownFileType = sourcecode.c.h; path = GADCustomEventBanner.h; sourceTree = "<group>"; };
		780664121B0D021D00E13B33 /* GADCustomEventBannerDelegate.h */ = {isa = PBXFileReference; fileEncoding = 4; lastKnownFileType = sourcecode.c.h; path = GADCustomEventBannerDelegate.h; sourceTree = "<group>"; };
		780664131B0D021D00E13B33 /* GADCustomEventExtras.h */ = {isa = PBXFileReference; fileEncoding = 4; lastKnownFileType = sourcecode.c.h; path = GADCustomEventExtras.h; sourceTree = "<group>"; };
		780664141B0D021D00E13B33 /* GADCustomEventInterstitial.h */ = {isa = PBXFileReference; fileEncoding = 4; lastKnownFileType = sourcecode.c.h; path = GADCustomEventInterstitial.h; sourceTree = "<group>"; };
		780664151B0D021D00E13B33 /* GADCustomEventInterstitialDelegate.h */ = {isa = PBXFileReference; fileEncoding = 4; lastKnownFileType = sourcecode.c.h; path = GADCustomEventInterstitialDelegate.h; sourceTree = "<group>"; };
		780664161B0D021D00E13B33 /* GADCustomEventRequest.h */ = {isa = PBXFileReference; fileEncoding = 4; lastKnownFileType = sourcecode.c.h; path = GADCustomEventRequest.h; sourceTree = "<group>"; };
		780664181B0D021D00E13B33 /* GADSearchBannerView.h */ = {isa = PBXFileReference; fileEncoding = 4; lastKnownFileType = sourcecode.c.h; path = GADSearchBannerView.h; sourceTree = "<group>"; };
		780664191B0D021D00E13B33 /* GADSearchRequest.h */ = {isa = PBXFileReference; fileEncoding = 4; lastKnownFileType = sourcecode.c.h; path = GADSearchRequest.h; sourceTree = "<group>"; };
		7806641A1B0D021D00E13B33 /* GADAdMobExtras.h */ = {isa = PBXFileReference; fileEncoding = 4; lastKnownFileType = sourcecode.c.h; path = GADAdMobExtras.h; sourceTree = "<group>"; };
		7806641B1B0D021D00E13B33 /* GADAdNetworkExtras.h */ = {isa = PBXFileReference; fileEncoding = 4; lastKnownFileType = sourcecode.c.h; path = GADAdNetworkExtras.h; sourceTree = "<group>"; };
		7806641C1B0D021D00E13B33 /* GADAdSize.h */ = {isa = PBXFileReference; fileEncoding = 4; lastKnownFileType = sourcecode.c.h; path = GADAdSize.h; sourceTree = "<group>"; };
		7806641D1B0D021D00E13B33 /* GADBannerView.h */ = {isa = PBXFileReference; fileEncoding = 4; lastKnownFileType = sourcecode.c.h; path = GADBannerView.h; sourceTree = "<group>"; };
		7806641E1B0D021D00E13B33 /* GADBannerViewDelegate.h */ = {isa = PBXFileReference; fileEncoding = 4; lastKnownFileType = sourcecode.c.h; path = GADBannerViewDelegate.h; sourceTree = "<group>"; };
		7806641F1B0D021D00E13B33 /* GADInAppPurchase.h */ = {isa = PBXFileReference; fileEncoding = 4; lastKnownFileType = sourcecode.c.h; path = GADInAppPurchase.h; sourceTree = "<group>"; };
		780664201B0D021D00E13B33 /* GADInAppPurchaseDelegate.h */ = {isa = PBXFileReference; fileEncoding = 4; lastKnownFileType = sourcecode.c.h; path = GADInAppPurchaseDelegate.h; sourceTree = "<group>"; };
		780664211B0D021D00E13B33 /* GADInterstitial.h */ = {isa = PBXFileReference; fileEncoding = 4; lastKnownFileType = sourcecode.c.h; path = GADInterstitial.h; sourceTree = "<group>"; };
		780664221B0D021D00E13B33 /* GADInterstitialDelegate.h */ = {isa = PBXFileReference; fileEncoding = 4; lastKnownFileType = sourcecode.c.h; path = GADInterstitialDelegate.h; sourceTree = "<group>"; };
		780664231B0D021D00E13B33 /* GADModules.h */ = {isa = PBXFileReference; fileEncoding = 4; lastKnownFileType = sourcecode.c.h; path = GADModules.h; sourceTree = "<group>"; };
		780664241B0D021D00E13B33 /* GADRequest.h */ = {isa = PBXFileReference; fileEncoding = 4; lastKnownFileType = sourcecode.c.h; path = GADRequest.h; sourceTree = "<group>"; };
		780664251B0D021D00E13B33 /* GADRequestError.h */ = {isa = PBXFileReference; fileEncoding = 4; lastKnownFileType = sourcecode.c.h; path = GADRequestError.h; sourceTree = "<group>"; };
		780664261B0D021D00E13B33 /* libGoogleAdMobAds.a */ = {isa = PBXFileReference; lastKnownFileType = archive.ar; path = libGoogleAdMobAds.a; sourceTree = "<group>"; };
		780664271B0D021D00E13B33 /* README.txt */ = {isa = PBXFileReference; fileEncoding = 4; lastKnownFileType = text; path = README.txt; sourceTree = "<group>"; };
		78AAB9C91B0EC8F40038287A /* CircleMatchBG.png */ = {isa = PBXFileReference; lastKnownFileType = image.png; path = CircleMatchBG.png; sourceTree = "<group>"; };
		78AAB9CA1B0EC8F40038287A /* CircleMatchBG@2x.png */ = {isa = PBXFileReference; lastKnownFileType = image.png; path = "CircleMatchBG@2x.png"; sourceTree = "<group>"; };
		78EB25F81B0ECA9D00CEFFB4 /* CreditScene.sks */ = {isa = PBXFileReference; lastKnownFileType = file.sks; path = CreditScene.sks; sourceTree = "<group>"; };
		78EB25F91B0ECA9D00CEFFB4 /* CreditsScene.h */ = {isa = PBXFileReference; fileEncoding = 4; lastKnownFileType = sourcecode.c.h; path = CreditsScene.h; sourceTree = "<group>"; };
		78EB25FA1B0ECA9D00CEFFB4 /* CreditsScene.m */ = {isa = PBXFileReference; fileEncoding = 4; lastKnownFileType = sourcecode.c.objc; path = CreditsScene.m; sourceTree = "<group>"; };
		78EB25FD1B0ECBB400CEFFB4 /* CircleMatch_emptyBG.png */ = {isa = PBXFileReference; lastKnownFileType = image.png; path = CircleMatch_emptyBG.png; sourceTree = "<group>"; };
		78EB25FF1B0ECDE500CEFFB4 /* HelpScene.sks */ = {isa = PBXFileReference; lastKnownFileType = file.sks; path = HelpScene.sks; sourceTree = "<group>"; };
		78EB26011B0ECE5600CEFFB4 /* HelpScene.h */ = {isa = PBXFileReference; fileEncoding = 4; lastKnownFileType = sourcecode.c.h; path = HelpScene.h; sourceTree = "<group>"; };
		78EB26021B0ECE5600CEFFB4 /* HelpScene.m */ = {isa = PBXFileReference; fileEncoding = 4; lastKnownFileType = sourcecode.c.objc; path = HelpScene.m; sourceTree = "<group>"; };
		DD726CB21AEA39C200F4930D /* Constant.h */ = {isa = PBXFileReference; fileEncoding = 4; lastKnownFileType = sourcecode.c.h; path = Constant.h; sourceTree = "<group>"; };
		DD92C6031B0379550022F40A /* MenuScene.sks */ = {isa = PBXFileReference; lastKnownFileType = file.sks; path = MenuScene.sks; sourceTree = "<group>"; };
		DD92C6051B0379710022F40A /* MenuScene.h */ = {isa = PBXFileReference; fileEncoding = 4; lastKnownFileType = sourcecode.c.h; path = MenuScene.h; sourceTree = "<group>"; };
		DD92C6061B0379710022F40A /* MenuScene.m */ = {isa = PBXFileReference; fileEncoding = 4; lastKnownFileType = sourcecode.c.objc; path = MenuScene.m; sourceTree = "<group>"; };
		DDA8B3221AEF5D8900466E05 /* FileHandler.h */ = {isa = PBXFileReference; fileEncoding = 4; lastKnownFileType = sourcecode.c.h; path = FileHandler.h; sourceTree = "<group>"; };
		DDA8B3231AEF5D8900466E05 /* FileHandler.m */ = {isa = PBXFileReference; fileEncoding = 4; lastKnownFileType = sourcecode.c.objc; path = FileHandler.m; sourceTree = "<group>"; };
		DDA8B3251AEF814500466E05 /* utiliz.h */ = {isa = PBXFileReference; fileEncoding = 4; lastKnownFileType = sourcecode.c.h; path = utiliz.h; sourceTree = "<group>"; };
		DDA8B3261AEF814500466E05 /* utiliz.m */ = {isa = PBXFileReference; fileEncoding = 4; lastKnownFileType = sourcecode.c.objc; path = utiliz.m; sourceTree = "<group>"; };
		F501055B1AE65E6900F73093 /* CircleMatch.app */ = {isa = PBXFileReference; explicitFileType = wrapper.application; includeInIndex = 0; path = CircleMatch.app; sourceTree = BUILT_PRODUCTS_DIR; };
		F501055F1AE65E6900F73093 /* Info.plist */ = {isa = PBXFileReference; lastKnownFileType = text.plist.xml; path = Info.plist; sourceTree = "<group>"; };
		F50105601AE65E6900F73093 /* main.m */ = {isa = PBXFileReference; lastKnownFileType = sourcecode.c.objc; path = main.m; sourceTree = "<group>"; };
		F50105621AE65E6900F73093 /* AppDelegate.h */ = {isa = PBXFileReference; lastKnownFileType = sourcecode.c.h; path = AppDelegate.h; sourceTree = "<group>"; };
		F50105631AE65E6900F73093 /* AppDelegate.m */ = {isa = PBXFileReference; lastKnownFileType = sourcecode.c.objc; path = AppDelegate.m; sourceTree = "<group>"; };
		F50105651AE65E6900F73093 /* GameScene.h */ = {isa = PBXFileReference; lastKnownFileType = sourcecode.c.h; path = GameScene.h; sourceTree = "<group>"; };
		F50105661AE65E6900F73093 /* GameScene.m */ = {isa = PBXFileReference; lastKnownFileType = sourcecode.c.objc; path = GameScene.m; sourceTree = "<group>"; };
		F50105681AE65E6900F73093 /* GameScene.sks */ = {isa = PBXFileReference; lastKnownFileType = file.sks; path = GameScene.sks; sourceTree = "<group>"; };
		F501056A1AE65E6900F73093 /* GameViewController.h */ = {isa = PBXFileReference; lastKnownFileType = sourcecode.c.h; path = GameViewController.h; sourceTree = "<group>"; };
		F501056B1AE65E6900F73093 /* GameViewController.m */ = {isa = PBXFileReference; lastKnownFileType = sourcecode.c.objc; path = GameViewController.m; sourceTree = "<group>"; };
		F501056E1AE65E6900F73093 /* Base */ = {isa = PBXFileReference; lastKnownFileType = file.storyboard; name = Base; path = Base.lproj/Main.storyboard; sourceTree = "<group>"; };
		F50105701AE65E6900F73093 /* Images.xcassets */ = {isa = PBXFileReference; lastKnownFileType = folder.assetcatalog; path = Images.xcassets; sourceTree = "<group>"; };
		F50105731AE65E6900F73093 /* Base */ = {isa = PBXFileReference; lastKnownFileType = file.xib; name = Base; path = Base.lproj/LaunchScreen.xib; sourceTree = "<group>"; };
		F50105791AE65E6900F73093 /* CircleMatchTests.xctest */ = {isa = PBXFileReference; explicitFileType = wrapper.cfbundle; includeInIndex = 0; path = CircleMatchTests.xctest; sourceTree = BUILT_PRODUCTS_DIR; };
		F501057E1AE65E6900F73093 /* Info.plist */ = {isa = PBXFileReference; lastKnownFileType = text.plist.xml; path = Info.plist; sourceTree = "<group>"; };
		F501057F1AE65E6900F73093 /* FirstGameTests.m */ = {isa = PBXFileReference; lastKnownFileType = sourcecode.c.objc; path = FirstGameTests.m; sourceTree = "<group>"; };
		F501058B1AE6685200F73093 /* CircleDetail.h */ = {isa = PBXFileReference; fileEncoding = 4; lastKnownFileType = sourcecode.c.h; path = CircleDetail.h; sourceTree = "<group>"; };
		F501058C1AE6685200F73093 /* CircleDetail.m */ = {isa = PBXFileReference; fileEncoding = 4; lastKnownFileType = sourcecode.c.objc; path = CircleDetail.m; sourceTree = "<group>"; };
/* End PBXFileReference section */

/* Begin PBXFrameworksBuildPhase section */
		F50105581AE65E6900F73093 /* Frameworks */ = {
			isa = PBXFrameworksBuildPhase;
			buildActionMask = 2147483647;
			files = (
				780664281B0D021D00E13B33 /* libGoogleAdMobAds.a in Frameworks */,
			);
			runOnlyForDeploymentPostprocessing = 0;
		};
		F50105761AE65E6900F73093 /* Frameworks */ = {
			isa = PBXFrameworksBuildPhase;
			buildActionMask = 2147483647;
			files = (
			);
			runOnlyForDeploymentPostprocessing = 0;
		};
/* End PBXFrameworksBuildPhase section */

/* Begin PBXGroup section */
		780664061B0D021D00E13B33 /* GoogleMobileAdsSdkiOS-6.12.2 */ = {
			isa = PBXGroup;
			children = (
				780664071B0D021D00E13B33 /* Add-ons */,
				7806641A1B0D021D00E13B33 /* GADAdMobExtras.h */,
				7806641B1B0D021D00E13B33 /* GADAdNetworkExtras.h */,
				7806641C1B0D021D00E13B33 /* GADAdSize.h */,
				7806641D1B0D021D00E13B33 /* GADBannerView.h */,
				7806641E1B0D021D00E13B33 /* GADBannerViewDelegate.h */,
				7806641F1B0D021D00E13B33 /* GADInAppPurchase.h */,
				780664201B0D021D00E13B33 /* GADInAppPurchaseDelegate.h */,
				780664211B0D021D00E13B33 /* GADInterstitial.h */,
				780664221B0D021D00E13B33 /* GADInterstitialDelegate.h */,
				780664231B0D021D00E13B33 /* GADModules.h */,
				780664241B0D021D00E13B33 /* GADRequest.h */,
				780664251B0D021D00E13B33 /* GADRequestError.h */,
				780664261B0D021D00E13B33 /* libGoogleAdMobAds.a */,
				780664271B0D021D00E13B33 /* README.txt */,
			);
			path = "GoogleMobileAdsSdkiOS-6.12.2";
			sourceTree = "<group>";
		};
		780664071B0D021D00E13B33 /* Add-ons */ = {
			isa = PBXGroup;
			children = (
				780664081B0D021D00E13B33 /* DoubleClick */,
				780664101B0D021D00E13B33 /* Mediation */,
				780664171B0D021D00E13B33 /* Search */,
			);
			path = "Add-ons";
			sourceTree = "<group>";
		};
		780664081B0D021D00E13B33 /* DoubleClick */ = {
			isa = PBXGroup;
			children = (
				780664091B0D021D00E13B33 /* DFPBannerView.h */,
				7806640A1B0D021D00E13B33 /* DFPExtras.h */,
				7806640B1B0D021D00E13B33 /* DFPInterstitial.h */,
				7806640C1B0D021D00E13B33 /* DFPSwipeableBannerView.h */,
				7806640D1B0D021D00E13B33 /* GADAdSizeDelegate.h */,
				7806640E1B0D021D00E13B33 /* GADAppEventDelegate.h */,
				7806640F1B0D021D00E13B33 /* GADSwipeableBannerViewDelegate.h */,
			);
			path = DoubleClick;
			sourceTree = "<group>";
		};
		780664101B0D021D00E13B33 /* Mediation */ = {
			isa = PBXGroup;
			children = (
				780664111B0D021D00E13B33 /* GADCustomEventBanner.h */,
				780664121B0D021D00E13B33 /* GADCustomEventBannerDelegate.h */,
				780664131B0D021D00E13B33 /* GADCustomEventExtras.h */,
				780664141B0D021D00E13B33 /* GADCustomEventInterstitial.h */,
				780664151B0D021D00E13B33 /* GADCustomEventInterstitialDelegate.h */,
				780664161B0D021D00E13B33 /* GADCustomEventRequest.h */,
			);
			path = Mediation;
			sourceTree = "<group>";
		};
		780664171B0D021D00E13B33 /* Search */ = {
			isa = PBXGroup;
			children = (
				780664181B0D021D00E13B33 /* GADSearchBannerView.h */,
				780664191B0D021D00E13B33 /* GADSearchRequest.h */,
			);
			path = Search;
			sourceTree = "<group>";
		};
		78AAB9C81B0EC8F40038287A /* Images */ = {
			isa = PBXGroup;
			children = (
				78EB25FD1B0ECBB400CEFFB4 /* CircleMatch_emptyBG.png */,
				78AAB9C91B0EC8F40038287A /* CircleMatchBG.png */,
				78AAB9CA1B0EC8F40038287A /* CircleMatchBG@2x.png */,
			);
			path = Images;
			sourceTree = "<group>";
		};
		F50105521AE65E6900F73093 = {
			isa = PBXGroup;
			children = (
				F501055D1AE65E6900F73093 /* FirstGame */,
				F501057C1AE65E6900F73093 /* FirstGameTests */,
				F501055C1AE65E6900F73093 /* Products */,
			);
			sourceTree = "<group>";
		};
		F501055C1AE65E6900F73093 /* Products */ = {
			isa = PBXGroup;
			children = (
				F501055B1AE65E6900F73093 /* CircleMatch.app */,
				F50105791AE65E6900F73093 /* CircleMatchTests.xctest */,
			);
			name = Products;
			sourceTree = "<group>";
		};
		F501055D1AE65E6900F73093 /* FirstGame */ = {
			isa = PBXGroup;
			children = (
				78AAB9C81B0EC8F40038287A /* Images */,
				780664061B0D021D00E13B33 /* GoogleMobileAdsSdkiOS-6.12.2 */,
				F50105621AE65E6900F73093 /* AppDelegate.h */,
				F50105631AE65E6900F73093 /* AppDelegate.m */,
				F50105651AE65E6900F73093 /* GameScene.h */,
				F50105661AE65E6900F73093 /* GameScene.m */,
				DDA8B3221AEF5D8900466E05 /* FileHandler.h */,
				DDA8B3231AEF5D8900466E05 /* FileHandler.m */,
				F501058B1AE6685200F73093 /* CircleDetail.h */,
				F501058C1AE6685200F73093 /* CircleDetail.m */,
				F50105681AE65E6900F73093 /* GameScene.sks */,
				DD92C6031B0379550022F40A /* MenuScene.sks */,
				DD92C6051B0379710022F40A /* MenuScene.h */,
				DD92C6061B0379710022F40A /* MenuScene.m */,
				78EB25F81B0ECA9D00CEFFB4 /* CreditScene.sks */,
				78EB25F91B0ECA9D00CEFFB4 /* CreditsScene.h */,
				78EB25FA1B0ECA9D00CEFFB4 /* CreditsScene.m */,
				78EB25FF1B0ECDE500CEFFB4 /* HelpScene.sks */,
				78EB26011B0ECE5600CEFFB4 /* HelpScene.h */,
				78EB26021B0ECE5600CEFFB4 /* HelpScene.m */,
				F501056A1AE65E6900F73093 /* GameViewController.h */,
				F501056B1AE65E6900F73093 /* GameViewController.m */,
				DD726CB21AEA39C200F4930D /* Constant.h */,
				DDA8B3251AEF814500466E05 /* utiliz.h */,
				DDA8B3261AEF814500466E05 /* utiliz.m */,
				780664031B0D021300E13B33 /* AdmobViewController.h */,
				780664041B0D021300E13B33 /* AdmobViewController.m */,
				F501056D1AE65E6900F73093 /* Main.storyboard */,
				F50105701AE65E6900F73093 /* Images.xcassets */,
				F50105721AE65E6900F73093 /* LaunchScreen.xib */,
				F501055E1AE65E6900F73093 /* Supporting Files */,
			);
			path = FirstGame;
			sourceTree = "<group>";
		};
		F501055E1AE65E6900F73093 /* Supporting Files */ = {
			isa = PBXGroup;
			children = (
				F501055F1AE65E6900F73093 /* Info.plist */,
				F50105601AE65E6900F73093 /* main.m */,
			);
			name = "Supporting Files";
			sourceTree = "<group>";
		};
		F501057C1AE65E6900F73093 /* FirstGameTests */ = {
			isa = PBXGroup;
			children = (
				F501057F1AE65E6900F73093 /* FirstGameTests.m */,
				F501057D1AE65E6900F73093 /* Supporting Files */,
			);
			path = FirstGameTests;
			sourceTree = "<group>";
		};
		F501057D1AE65E6900F73093 /* Supporting Files */ = {
			isa = PBXGroup;
			children = (
				F501057E1AE65E6900F73093 /* Info.plist */,
			);
			name = "Supporting Files";
			sourceTree = "<group>";
		};
/* End PBXGroup section */

/* Begin PBXNativeTarget section */
		F501055A1AE65E6900F73093 /* CircleMatch */ = {
			isa = PBXNativeTarget;
			buildConfigurationList = F50105831AE65E6900F73093 /* Build configuration list for PBXNativeTarget "CircleMatch" */;
			buildPhases = (
				F50105571AE65E6900F73093 /* Sources */,
				F50105581AE65E6900F73093 /* Frameworks */,
				F50105591AE65E6900F73093 /* Resources */,
			);
			buildRules = (
			);
			dependencies = (
			);
			name = CircleMatch;
			productName = FirstGame;
			productReference = F501055B1AE65E6900F73093 /* CircleMatch.app */;
			productType = "com.apple.product-type.application";
		};
		F50105781AE65E6900F73093 /* CircleMatchTests */ = {
			isa = PBXNativeTarget;
			buildConfigurationList = F50105861AE65E6900F73093 /* Build configuration list for PBXNativeTarget "CircleMatchTests" */;
			buildPhases = (
				F50105751AE65E6900F73093 /* Sources */,
				F50105761AE65E6900F73093 /* Frameworks */,
				F50105771AE65E6900F73093 /* Resources */,
			);
			buildRules = (
			);
			dependencies = (
				F501057B1AE65E6900F73093 /* PBXTargetDependency */,
			);
			name = CircleMatchTests;
			productName = FirstGameTests;
			productReference = F50105791AE65E6900F73093 /* CircleMatchTests.xctest */;
			productType = "com.apple.product-type.bundle.unit-test";
		};
/* End PBXNativeTarget section */

/* Begin PBXProject section */
		F50105531AE65E6900F73093 /* Project object */ = {
			isa = PBXProject;
			attributes = {
				LastUpgradeCheck = 0610;
				ORGANIZATIONNAME = "British Airways PLC";
				TargetAttributes = {
					F501055A1AE65E6900F73093 = {
						CreatedOnToolsVersion = 6.1.1;
						DevelopmentTeam = USLGQG74CE;
					};
					F50105781AE65E6900F73093 = {
						CreatedOnToolsVersion = 6.1.1;
						TestTargetID = F501055A1AE65E6900F73093;
					};
				};
			};
			buildConfigurationList = F50105561AE65E6900F73093 /* Build configuration list for PBXProject "CircleMatch" */;
			compatibilityVersion = "Xcode 3.2";
			developmentRegion = English;
			hasScannedForEncodings = 0;
			knownRegions = (
				en,
				Base,
			);
			mainGroup = F50105521AE65E6900F73093;
			productRefGroup = F501055C1AE65E6900F73093 /* Products */;
			projectDirPath = "";
			projectRoot = "";
			targets = (
				F501055A1AE65E6900F73093 /* CircleMatch */,
				F50105781AE65E6900F73093 /* CircleMatchTests */,
			);
		};
/* End PBXProject section */

/* Begin PBXResourcesBuildPhase section */
		F50105591AE65E6900F73093 /* Resources */ = {
			isa = PBXResourcesBuildPhase;
			buildActionMask = 2147483647;
			files = (
				78EB26001B0ECDE500CEFFB4 /* HelpScene.sks in Resources */,
				F50105741AE65E6900F73093 /* LaunchScreen.xib in Resources */,
				78AAB9CC1B0EC8F40038287A /* CircleMatchBG@2x.png in Resources */,
				78AAB9CB1B0EC8F40038287A /* CircleMatchBG.png in Resources */,
				F50105711AE65E6900F73093 /* Images.xcassets in Resources */,
				78EB25FB1B0ECA9D00CEFFB4 /* CreditScene.sks in Resources */,
				F50105691AE65E6900F73093 /* GameScene.sks in Resources */,
				78EB25FE1B0ECBB400CEFFB4 /* CircleMatch_emptyBG.png in Resources */,
				DD92C6041B0379550022F40A /* MenuScene.sks in Resources */,
				780664291B0D021D00E13B33 /* README.txt in Resources */,
				F501056F1AE65E6900F73093 /* Main.storyboard in Resources */,
			);
			runOnlyForDeploymentPostprocessing = 0;
		};
		F50105771AE65E6900F73093 /* Resources */ = {
			isa = PBXResourcesBuildPhase;
			buildActionMask = 2147483647;
			files = (
			);
			runOnlyForDeploymentPostprocessing = 0;
		};
/* End PBXResourcesBuildPhase section */

/* Begin PBXSourcesBuildPhase section */
		F50105571AE65E6900F73093 /* Sources */ = {
			isa = PBXSourcesBuildPhase;
			buildActionMask = 2147483647;
			files = (
				DDA8B3271AEF814500466E05 /* utiliz.m in Sources */,
				DD92C6071B0379710022F40A /* MenuScene.m in Sources */,
				F501056C1AE65E6900F73093 /* GameViewController.m in Sources */,
				780664051B0D021300E13B33 /* AdmobViewController.m in Sources */,
				F501058D1AE6685200F73093 /* CircleDetail.m in Sources */,
				DDA8B3241AEF5D8900466E05 /* FileHandler.m in Sources */,
				F50105641AE65E6900F73093 /* AppDelegate.m in Sources */,
				78EB25FC1B0ECA9D00CEFFB4 /* CreditsScene.m in Sources */,
				F50105671AE65E6900F73093 /* GameScene.m in Sources */,
				F50105611AE65E6900F73093 /* main.m in Sources */,
				78EB26031B0ECE5600CEFFB4 /* HelpScene.m in Sources */,
			);
			runOnlyForDeploymentPostprocessing = 0;
		};
		F50105751AE65E6900F73093 /* Sources */ = {
			isa = PBXSourcesBuildPhase;
			buildActionMask = 2147483647;
			files = (
				F50105801AE65E6900F73093 /* FirstGameTests.m in Sources */,
			);
			runOnlyForDeploymentPostprocessing = 0;
		};
/* End PBXSourcesBuildPhase section */

/* Begin PBXTargetDependency section */
		F501057B1AE65E6900F73093 /* PBXTargetDependency */ = {
			isa = PBXTargetDependency;
			target = F501055A1AE65E6900F73093 /* CircleMatch */;
			targetProxy = F501057A1AE65E6900F73093 /* PBXContainerItemProxy */;
		};
/* End PBXTargetDependency section */

/* Begin PBXVariantGroup section */
		F501056D1AE65E6900F73093 /* Main.storyboard */ = {
			isa = PBXVariantGroup;
			children = (
				F501056E1AE65E6900F73093 /* Base */,
			);
			name = Main.storyboard;
			sourceTree = "<group>";
		};
		F50105721AE65E6900F73093 /* LaunchScreen.xib */ = {
			isa = PBXVariantGroup;
			children = (
				F50105731AE65E6900F73093 /* Base */,
			);
			name = LaunchScreen.xib;
			sourceTree = "<group>";
		};
/* End PBXVariantGroup section */

/* Begin XCBuildConfiguration section */
		F50105811AE65E6900F73093 /* Debug */ = {
			isa = XCBuildConfiguration;
			buildSettings = {
				ALWAYS_SEARCH_USER_PATHS = NO;
				CLANG_CXX_LANGUAGE_STANDARD = "gnu++0x";
				CLANG_CXX_LIBRARY = "libc++";
				CLANG_ENABLE_MODULES = YES;
				CLANG_ENABLE_OBJC_ARC = YES;
				CLANG_WARN_BOOL_CONVERSION = YES;
				CLANG_WARN_CONSTANT_CONVERSION = YES;
				CLANG_WARN_DIRECT_OBJC_ISA_USAGE = YES_ERROR;
				CLANG_WARN_EMPTY_BODY = YES;
				CLANG_WARN_ENUM_CONVERSION = YES;
				CLANG_WARN_INT_CONVERSION = YES;
				CLANG_WARN_OBJC_ROOT_CLASS = YES_ERROR;
				CLANG_WARN_UNREACHABLE_CODE = YES;
				CLANG_WARN__DUPLICATE_METHOD_MATCH = YES;
				"CODE_SIGN_IDENTITY[sdk=iphoneos*]" = "iPhone Developer";
				COPY_PHASE_STRIP = NO;
				ENABLE_STRICT_OBJC_MSGSEND = YES;
				GCC_C_LANGUAGE_STANDARD = gnu99;
				GCC_DYNAMIC_NO_PIC = NO;
				GCC_OPTIMIZATION_LEVEL = 0;
				GCC_PREPROCESSOR_DEFINITIONS = (
					"DEBUG=1",
					"$(inherited)",
				);
				GCC_SYMBOLS_PRIVATE_EXTERN = NO;
				GCC_WARN_64_TO_32_BIT_CONVERSION = YES;
				GCC_WARN_ABOUT_RETURN_TYPE = YES_ERROR;
				GCC_WARN_UNDECLARED_SELECTOR = YES;
				GCC_WARN_UNINITIALIZED_AUTOS = YES_AGGRESSIVE;
				GCC_WARN_UNUSED_FUNCTION = YES;
				GCC_WARN_UNUSED_VARIABLE = YES;
				IPHONEOS_DEPLOYMENT_TARGET = 8.1;
				MTL_ENABLE_DEBUG_INFO = YES;
				ONLY_ACTIVE_ARCH = YES;
				SDKROOT = iphoneos;
				TARGETED_DEVICE_FAMILY = 2;
			};
			name = Debug;
		};
		F50105821AE65E6900F73093 /* Release */ = {
			isa = XCBuildConfiguration;
			buildSettings = {
				ALWAYS_SEARCH_USER_PATHS = NO;
				CLANG_CXX_LANGUAGE_STANDARD = "gnu++0x";
				CLANG_CXX_LIBRARY = "libc++";
				CLANG_ENABLE_MODULES = YES;
				CLANG_ENABLE_OBJC_ARC = YES;
				CLANG_WARN_BOOL_CONVERSION = YES;
				CLANG_WARN_CONSTANT_CONVERSION = YES;
				CLANG_WARN_DIRECT_OBJC_ISA_USAGE = YES_ERROR;
				CLANG_WARN_EMPTY_BODY = YES;
				CLANG_WARN_ENUM_CONVERSION = YES;
				CLANG_WARN_INT_CONVERSION = YES;
				CLANG_WARN_OBJC_ROOT_CLASS = YES_ERROR;
				CLANG_WARN_UNREACHABLE_CODE = YES;
				CLANG_WARN__DUPLICATE_METHOD_MATCH = YES;
				"CODE_SIGN_IDENTITY[sdk=iphoneos*]" = "iPhone Developer";
				COPY_PHASE_STRIP = YES;
				ENABLE_NS_ASSERTIONS = NO;
				ENABLE_STRICT_OBJC_MSGSEND = YES;
				GCC_C_LANGUAGE_STANDARD = gnu99;
				GCC_WARN_64_TO_32_BIT_CONVERSION = YES;
				GCC_WARN_ABOUT_RETURN_TYPE = YES_ERROR;
				GCC_WARN_UNDECLARED_SELECTOR = YES;
				GCC_WARN_UNINITIALIZED_AUTOS = YES_AGGRESSIVE;
				GCC_WARN_UNUSED_FUNCTION = YES;
				GCC_WARN_UNUSED_VARIABLE = YES;
				IPHONEOS_DEPLOYMENT_TARGET = 8.1;
				MTL_ENABLE_DEBUG_INFO = NO;
				SDKROOT = iphoneos;
				TARGETED_DEVICE_FAMILY = 2;
				VALIDATE_PRODUCT = YES;
			};
			name = Release;
		};
		F50105841AE65E6900F73093 /* Debug */ = {
			isa = XCBuildConfiguration;
			buildSettings = {
				ASSETCATALOG_COMPILER_APPICON_NAME = AppIcon;
				ASSETCATALOG_COMPILER_LAUNCHIMAGE_NAME = LaunchImage;
				CODE_SIGN_IDENTITY = "iPhone Developer";
				INFOPLIST_FILE = FirstGame/Info.plist;
				IPHONEOS_DEPLOYMENT_TARGET = 7.0;
				LD_RUNPATH_SEARCH_PATHS = "$(inherited) @executable_path/Frameworks";
				LIBRARY_SEARCH_PATHS = (
					"$(inherited)",
					"$(PROJECT_DIR)/FirstGame/GoogleMobileAdsSdkiOS-6.12.2",
				);
				OTHER_LDFLAGS = "-ObjC";
				PRODUCT_NAME = CircleMatch;
				TARGETED_DEVICE_FAMILY = "1,2";
			};
			name = Debug;
		};
		F50105851AE65E6900F73093 /* Release */ = {
			isa = XCBuildConfiguration;
			buildSettings = {
				ASSETCATALOG_COMPILER_APPICON_NAME = AppIcon;
				ASSETCATALOG_COMPILER_LAUNCHIMAGE_NAME = LaunchImage;
				CODE_SIGN_IDENTITY = "iPhone Developer";
				INFOPLIST_FILE = FirstGame/Info.plist;
				IPHONEOS_DEPLOYMENT_TARGET = 7.0;
				LD_RUNPATH_SEARCH_PATHS = "$(inherited) @executable_path/Frameworks";
				LIBRARY_SEARCH_PATHS = (
					"$(inherited)",
					"$(PROJECT_DIR)/FirstGame/GoogleMobileAdsSdkiOS-6.12.2",
				);
				OTHER_LDFLAGS = "-ObjC";
				PRODUCT_NAME = CircleMatch;
				TARGETED_DEVICE_FAMILY = "1,2";
			};
			name = Release;
		};
		F50105871AE65E6900F73093 /* Debug */ = {
			isa = XCBuildConfiguration;
			buildSettings = {
				BUNDLE_LOADER = "$(TEST_HOST)";
				FRAMEWORK_SEARCH_PATHS = (
					"$(SDKROOT)/Developer/Library/Frameworks",
					"$(inherited)",
				);
				GCC_PREPROCESSOR_DEFINITIONS = (
					"DEBUG=1",
					"$(inherited)",
				);
				INFOPLIST_FILE = FirstGameTests/Info.plist;
				LD_RUNPATH_SEARCH_PATHS = "$(inherited) @executable_path/Frameworks @loader_path/Frameworks";
				PRODUCT_NAME = CircleMatchTests;
				TEST_HOST = "$(BUILT_PRODUCTS_DIR)/CircleMatch.app/CircleMatch";
			};
			name = Debug;
		};
		F50105881AE65E6900F73093 /* Release */ = {
			isa = XCBuildConfiguration;
			buildSettings = {
				BUNDLE_LOADER = "$(TEST_HOST)";
				FRAMEWORK_SEARCH_PATHS = (
					"$(SDKROOT)/Developer/Library/Frameworks",
					"$(inherited)",
				);
				INFOPLIST_FILE = FirstGameTests/Info.plist;
				LD_RUNPATH_SEARCH_PATHS = "$(inherited) @executable_path/Frameworks @loader_path/Frameworks";
				PRODUCT_NAME = CircleMatchTests;
				TEST_HOST = "$(BUILT_PRODUCTS_DIR)/CircleMatch.app/CircleMatch";
			};
			name = Release;
		};
/* End XCBuildConfiguration section */

/* Begin XCConfigurationList section */
		F50105561AE65E6900F73093 /* Build configuration list for PBXProject "CircleMatch" */ = {
			isa = XCConfigurationList;
			buildConfigurations = (
				F50105811AE65E6900F73093 /* Debug */,
				F50105821AE65E6900F73093 /* Release */,
			);
			defaultConfigurationIsVisible = 0;
			defaultConfigurationName = Release;
		};
		F50105831AE65E6900F73093 /* Build configuration list for PBXNativeTarget "CircleMatch" */ = {
			isa = XCConfigurationList;
			buildConfigurations = (
				F50105841AE65E6900F73093 /* Debug */,
				F50105851AE65E6900F73093 /* Release */,
			);
			defaultConfigurationIsVisible = 0;
			defaultConfigurationName = Release;
		};
		F50105861AE65E6900F73093 /* Build configuration list for PBXNativeTarget "CircleMatchTests" */ = {
			isa = XCConfigurationList;
			buildConfigurations = (
				F50105871AE65E6900F73093 /* Debug */,
				F50105881AE65E6900F73093 /* Release */,
			);
			defaultConfigurationIsVisible = 0;
			defaultConfigurationName = Release;
		};
/* End XCConfigurationList section */
	};
	rootObject = F50105531AE65E6900F73093 /* Project object */;
}
